
Microsoft Visual Studio Solution File, Format Version 12.00
# Visual Studio Version 17
VisualStudioVersion = 17.0.31903.59
MinimumVisualStudioVersion = 10.0.40219.1
Project("{2150E333-8FDC-42A3-9474-1A3956D46DE8}") = "Tests", "Tests", "{97170CF9-F7A9-49AF-833B-CB1AD52DFD0E}"
EndProject
Project("{2150E333-8FDC-42A3-9474-1A3956D46DE8}") = "Solution Items", "Solution Items", "{E8BEBDF4-F85D-4462-964E-F303EA62E673}"
	ProjectSection(SolutionItems) = preProject
		README.md = README.md
	EndProjectSection
EndProject
Project("{2150E333-8FDC-42A3-9474-1A3956D46DE8}") = "src", "src", "{E8179DA7-4A3E-4564-A9FB-32D12DF62E8A}"
EndProject
Project("{2150E333-8FDC-42A3-9474-1A3956D46DE8}") = "Application", "Application", "{F8FEB9EC-89E9-4A89-B83D-2ED1119E819D}"
EndProject
Project("{2150E333-8FDC-42A3-9474-1A3956D46DE8}") = "CrossCuting", "CrossCuting", "{29EAD4AD-D7F2-4B85-94D6-53B92C1AECB5}"
EndProject
Project("{9A19103F-16F7-4668-BE54-9A1E7A4F7556}") = "Authentication.Common.Helpers", "src\CrossCutting\Authentication.Common.Helpers\Authentication.Common.Helpers.csproj", "{E3C576D4-F3CC-4D9A-9C10-99A27DEB4040}"
EndProject
Project("{9A19103F-16F7-4668-BE54-9A1E7A4F7556}") = "Authentication.Common.Logging", "src\CrossCutting\Authentication.Common.Logging\Authentication.Common.Logging.csproj", "{ADCD7922-80A5-473A-AF40-FE085283929E}"
EndProject
Project("{9A19103F-16F7-4668-BE54-9A1E7A4F7556}") = "Authentication.Common.TokenManager", "src\CrossCutting\Authentication.Common.TokenManager\Authentication.Common.TokenManager.csproj", "{A7DE3A8E-BF4C-4117-AAE2-9C8CF894D7A3}"
EndProject
Project("{2150E333-8FDC-42A3-9474-1A3956D46DE8}") = "Domain", "Domain", "{F20DB516-72C8-4D80-B9F8-4B1C6B1CB3BC}"
EndProject
Project("{9A19103F-16F7-4668-BE54-9A1E7A4F7556}") = "Authentication.Domain", "src\Domain\Authentication.Domain\Authentication.Domain.csproj", "{17714893-D6EE-4FB0-AEC6-E828016268DF}"
EndProject
Project("{2150E333-8FDC-42A3-9474-1A3956D46DE8}") = "Infrastructure", "Infrastructure", "{9ABE58AE-1AF6-47BC-8545-D4F997550541}"
EndProject
Project("{9A19103F-16F7-4668-BE54-9A1E7A4F7556}") = "Authentication.Infrastructure", "src\Infrastructure\Authentication.Infrastructure\Authentication.Infrastructure.csproj", "{DFC42404-61CA-41C1-B1C0-8A92A1CC616E}"
EndProject
Project("{9A19103F-16F7-4668-BE54-9A1E7A4F7556}") = "Authentication.Interfaces", "src\Application\Authentication.Interfaces\Authentication.Interfaces.csproj", "{9C1C5006-BEB3-47D5-8C41-D40DFB016329}"
EndProject
Project("{2150E333-8FDC-42A3-9474-1A3956D46DE8}") = "Presentation", "Presentation", "{EF395625-E3DA-4366-AFE6-83460BAA4A3E}"
EndProject
Project("{9A19103F-16F7-4668-BE54-9A1E7A4F7556}") = "Authentication.Api", "src\Presentation\Authentication.Api\Authentication.Api.csproj", "{5E6EE76C-72BD-4F6E-BF59-96C6C6876D4A}"
EndProject
Project("{9A19103F-16F7-4668-BE54-9A1E7A4F7556}") = "Authentication.Application", "src\Application\Authenticaton.Application\Authentication.Application.csproj", "{827B0F02-5BEC-4CB9-929E-06D6A983E5C6}"
EndProject
Project("{9A19103F-16F7-4668-BE54-9A1E7A4F7556}") = "Authentication.Api.Tests", "src\Tests\Authentication.Api.Tests\Authentication.Api.Tests.csproj", "{0DCF1D12-46AE-4605-B388-E92C4C2C445D}"
EndProject
Project("{9A19103F-16F7-4668-BE54-9A1E7A4F7556}") = "Authentication.Register.Api.Tests", "src\Tests\Authentication.Register.Api.Tests\Authentication.Register.Api.Tests.csproj", "{40732DEA-2A02-49DE-8B85-27C683C0CA0F}"
EndProject
Project("{2150E333-8FDC-42A3-9474-1A3956D46DE8}") = "Scripts", "Scripts", "{8D35AB15-78B4-4499-96F4-62FA3EB61AB3}"
	ProjectSection(SolutionItems) = preProject
		src\Infrastructure\Scripts\data_gen.sql = src\Infrastructure\Scripts\data_gen.sql
	EndProjectSection
EndProject
Project("{9A19103F-16F7-4668-BE54-9A1E7A4F7556}") = "Authentication.Register.Api", "src\Presentation\Authentication.Register.Api\Authentication.Register.Api.csproj", "{8E6B6F6F-73B4-4254-A12C-6BC5442603E2}"
EndProject
Global
	GlobalSection(SolutionConfigurationPlatforms) = preSolution
		Debug|Any CPU = Debug|Any CPU
		Release|Any CPU = Release|Any CPU
	EndGlobalSection
	GlobalSection(ProjectConfigurationPlatforms) = postSolution
		{E3C576D4-F3CC-4D9A-9C10-99A27DEB4040}.Debug|Any CPU.ActiveCfg = Debug|Any CPU
		{E3C576D4-F3CC-4D9A-9C10-99A27DEB4040}.Debug|Any CPU.Build.0 = Debug|Any CPU
		{E3C576D4-F3CC-4D9A-9C10-99A27DEB4040}.Release|Any CPU.ActiveCfg = Release|Any CPU
		{E3C576D4-F3CC-4D9A-9C10-99A27DEB4040}.Release|Any CPU.Build.0 = Release|Any CPU
		{ADCD7922-80A5-473A-AF40-FE085283929E}.Debug|Any CPU.ActiveCfg = Debug|Any CPU
		{ADCD7922-80A5-473A-AF40-FE085283929E}.Debug|Any CPU.Build.0 = Debug|Any CPU
		{ADCD7922-80A5-473A-AF40-FE085283929E}.Release|Any CPU.ActiveCfg = Release|Any CPU
		{ADCD7922-80A5-473A-AF40-FE085283929E}.Release|Any CPU.Build.0 = Release|Any CPU
		{A7DE3A8E-BF4C-4117-AAE2-9C8CF894D7A3}.Debug|Any CPU.ActiveCfg = Debug|Any CPU
		{A7DE3A8E-BF4C-4117-AAE2-9C8CF894D7A3}.Debug|Any CPU.Build.0 = Debug|Any CPU
		{A7DE3A8E-BF4C-4117-AAE2-9C8CF894D7A3}.Release|Any CPU.ActiveCfg = Release|Any CPU
		{A7DE3A8E-BF4C-4117-AAE2-9C8CF894D7A3}.Release|Any CPU.Build.0 = Release|Any CPU
		{17714893-D6EE-4FB0-AEC6-E828016268DF}.Debug|Any CPU.ActiveCfg = Debug|Any CPU
		{17714893-D6EE-4FB0-AEC6-E828016268DF}.Debug|Any CPU.Build.0 = Debug|Any CPU
		{17714893-D6EE-4FB0-AEC6-E828016268DF}.Release|Any CPU.ActiveCfg = Release|Any CPU
		{17714893-D6EE-4FB0-AEC6-E828016268DF}.Release|Any CPU.Build.0 = Release|Any CPU
		{DFC42404-61CA-41C1-B1C0-8A92A1CC616E}.Debug|Any CPU.ActiveCfg = Debug|Any CPU
		{DFC42404-61CA-41C1-B1C0-8A92A1CC616E}.Debug|Any CPU.Build.0 = Debug|Any CPU
		{DFC42404-61CA-41C1-B1C0-8A92A1CC616E}.Release|Any CPU.ActiveCfg = Release|Any CPU
		{DFC42404-61CA-41C1-B1C0-8A92A1CC616E}.Release|Any CPU.Build.0 = Release|Any CPU
		{9C1C5006-BEB3-47D5-8C41-D40DFB016329}.Debug|Any CPU.ActiveCfg = Debug|Any CPU
		{9C1C5006-BEB3-47D5-8C41-D40DFB016329}.Debug|Any CPU.Build.0 = Debug|Any CPU
		{9C1C5006-BEB3-47D5-8C41-D40DFB016329}.Release|Any CPU.ActiveCfg = Release|Any CPU
		{9C1C5006-BEB3-47D5-8C41-D40DFB016329}.Release|Any CPU.Build.0 = Release|Any CPU
		{5E6EE76C-72BD-4F6E-BF59-96C6C6876D4A}.Debug|Any CPU.ActiveCfg = Debug|Any CPU
		{5E6EE76C-72BD-4F6E-BF59-96C6C6876D4A}.Debug|Any CPU.Build.0 = Debug|Any CPU
		{5E6EE76C-72BD-4F6E-BF59-96C6C6876D4A}.Release|Any CPU.ActiveCfg = Release|Any CPU
		{5E6EE76C-72BD-4F6E-BF59-96C6C6876D4A}.Release|Any CPU.Build.0 = Release|Any CPU
		{827B0F02-5BEC-4CB9-929E-06D6A983E5C6}.Debug|Any CPU.ActiveCfg = Debug|Any CPU
		{827B0F02-5BEC-4CB9-929E-06D6A983E5C6}.Debug|Any CPU.Build.0 = Debug|Any CPU
		{827B0F02-5BEC-4CB9-929E-06D6A983E5C6}.Release|Any CPU.ActiveCfg = Release|Any CPU
		{827B0F02-5BEC-4CB9-929E-06D6A983E5C6}.Release|Any CPU.Build.0 = Release|Any CPU
		{0DCF1D12-46AE-4605-B388-E92C4C2C445D}.Debug|Any CPU.ActiveCfg = Debug|Any CPU
		{0DCF1D12-46AE-4605-B388-E92C4C2C445D}.Debug|Any CPU.Build.0 = Debug|Any CPU
		{0DCF1D12-46AE-4605-B388-E92C4C2C445D}.Release|Any CPU.ActiveCfg = Release|Any CPU
		{0DCF1D12-46AE-4605-B388-E92C4C2C445D}.Release|Any CPU.Build.0 = Release|Any CPU
		{40732DEA-2A02-49DE-8B85-27C683C0CA0F}.Debug|Any CPU.ActiveCfg = Debug|Any CPU
		{40732DEA-2A02-49DE-8B85-27C683C0CA0F}.Debug|Any CPU.Build.0 = Debug|Any CPU
		{40732DEA-2A02-49DE-8B85-27C683C0CA0F}.Release|Any CPU.ActiveCfg = Release|Any CPU
		{40732DEA-2A02-49DE-8B85-27C683C0CA0F}.Release|Any CPU.Build.0 = Release|Any CPU
		{8E6B6F6F-73B4-4254-A12C-6BC5442603E2}.Debug|Any CPU.ActiveCfg = Debug|Any CPU
		{8E6B6F6F-73B4-4254-A12C-6BC5442603E2}.Debug|Any CPU.Build.0 = Debug|Any CPU
		{8E6B6F6F-73B4-4254-A12C-6BC5442603E2}.Release|Any CPU.ActiveCfg = Release|Any CPU
		{8E6B6F6F-73B4-4254-A12C-6BC5442603E2}.Release|Any CPU.Build.0 = Release|Any CPU
	EndGlobalSection
	GlobalSection(SolutionProperties) = preSolution
		HideSolutionNode = FALSE
	EndGlobalSection
	GlobalSection(NestedProjects) = preSolution
		{F8FEB9EC-89E9-4A89-B83D-2ED1119E819D} = {E8179DA7-4A3E-4564-A9FB-32D12DF62E8A}
		{29EAD4AD-D7F2-4B85-94D6-53B92C1AECB5} = {E8179DA7-4A3E-4564-A9FB-32D12DF62E8A}
		{E3C576D4-F3CC-4D9A-9C10-99A27DEB4040} = {29EAD4AD-D7F2-4B85-94D6-53B92C1AECB5}
		{ADCD7922-80A5-473A-AF40-FE085283929E} = {29EAD4AD-D7F2-4B85-94D6-53B92C1AECB5}
		{A7DE3A8E-BF4C-4117-AAE2-9C8CF894D7A3} = {29EAD4AD-D7F2-4B85-94D6-53B92C1AECB5}
		{F20DB516-72C8-4D80-B9F8-4B1C6B1CB3BC} = {E8179DA7-4A3E-4564-A9FB-32D12DF62E8A}
		{17714893-D6EE-4FB0-AEC6-E828016268DF} = {F20DB516-72C8-4D80-B9F8-4B1C6B1CB3BC}
		{9ABE58AE-1AF6-47BC-8545-D4F997550541} = {E8179DA7-4A3E-4564-A9FB-32D12DF62E8A}
		{DFC42404-61CA-41C1-B1C0-8A92A1CC616E} = {9ABE58AE-1AF6-47BC-8545-D4F997550541}
		{9C1C5006-BEB3-47D5-8C41-D40DFB016329} = {F8FEB9EC-89E9-4A89-B83D-2ED1119E819D}
		{EF395625-E3DA-4366-AFE6-83460BAA4A3E} = {E8179DA7-4A3E-4564-A9FB-32D12DF62E8A}
		{5E6EE76C-72BD-4F6E-BF59-96C6C6876D4A} = {EF395625-E3DA-4366-AFE6-83460BAA4A3E}
		{827B0F02-5BEC-4CB9-929E-06D6A983E5C6} = {F8FEB9EC-89E9-4A89-B83D-2ED1119E819D}
		{0DCF1D12-46AE-4605-B388-E92C4C2C445D} = {97170CF9-F7A9-49AF-833B-CB1AD52DFD0E}
		{40732DEA-2A02-49DE-8B85-27C683C0CA0F} = {97170CF9-F7A9-49AF-833B-CB1AD52DFD0E}
		{8D35AB15-78B4-4499-96F4-62FA3EB61AB3} = {9ABE58AE-1AF6-47BC-8545-D4F997550541}
		{8E6B6F6F-73B4-4254-A12C-6BC5442603E2} = {EF395625-E3DA-4366-AFE6-83460BAA4A3E}
	EndGlobalSection
	GlobalSection(ExtensibilityGlobals) = postSolution
		SolutionGuid = {6A387A35-0BD9-4B14-BCAA-80015F11AF14}
	EndGlobalSection
EndGlobal
