
Microsoft Visual Studio Solution File, Format Version 12.00
# Visual Studio Version 17
VisualStudioVersion = 17.0.31903.59
MinimumVisualStudioVersion = 10.0.40219.1
Project("{9A19103F-16F7-4668-BE54-9A1E7A4F7556}") = "RegisterApi", "RegisterApi\RegisterApi.csproj", "{CF2FF7E5-AD4E-4F66-80E9-11C546900548}"
EndProject
Project("{9A19103F-16F7-4668-BE54-9A1E7A4F7556}") = "Application", "Application\Application.csproj", "{793EA360-010D-48D1-ACF0-60F68EA43E50}"
EndProject
Project("{9A19103F-16F7-4668-BE54-9A1E7A4F7556}") = "AuthApi", "AuthApi\AuthApi.csproj", "{F2939D46-9AEA-4BE0-9754-BC72F81A6390}"
EndProject
Project("{9A19103F-16F7-4668-BE54-9A1E7A4F7556}") = "Domain", "Domain\Domain.csproj", "{D7B85016-4648-410C-932D-049E2762A3D1}"
EndProject
Project("{2150E333-8FDC-42A3-9474-1A3956D46DE8}") = "Presentation", "Presentation", "{CB5A3A18-356C-4F59-B99D-8E90C7B4643A}"
EndProject
Project("{2150E333-8FDC-42A3-9474-1A3956D46DE8}") = "Cross-Cutting", "Cross-Cutting", "{C6FC811B-76B8-4E8E-8672-AE2CBBF30455}"
EndProject
Project("{9A19103F-16F7-4668-BE54-9A1E7A4F7556}") = "Helpers", "Helpers\Helpers.csproj", "{555631E5-A99D-457D-8B19-FD4EBC7DF0B2}"
EndProject
Project("{2150E333-8FDC-42A3-9474-1A3956D46DE8}") = "Infrastructure", "Infrastructure", "{C16A0172-DD34-4EE0-B2E7-D73BFF2FB091}"
EndProject
Project("{9A19103F-16F7-4668-BE54-9A1E7A4F7556}") = "Logging", "Logging\Logging.csproj", "{05F0FF61-54EF-4F77-BD33-0B92DC21165F}"
EndProject
Project("{2150E333-8FDC-42A3-9474-1A3956D46DE8}") = "Domain", "Domain", "{2C8CE3C0-1962-4BEF-A965-4EBFA4334C9E}"
EndProject
Project("{2150E333-8FDC-42A3-9474-1A3956D46DE8}") = "Application", "Application", "{8D0B3AD7-E248-4F31-8874-AA7EF22DFA17}"
EndProject
Project("{9A19103F-16F7-4668-BE54-9A1E7A4F7556}") = "Infrastructure", "Infrastructure\Infrastructure.csproj", "{9EB89C1F-9CD8-4FF9-9185-F3408F978310}"
EndProject
Project("{9A19103F-16F7-4668-BE54-9A1E7A4F7556}") = "TokenApi", "TokenApi\TokenApi.csproj", "{416A2CA1-4394-4735-9C99-C19768E644F1}"
EndProject
Project("{2150E333-8FDC-42A3-9474-1A3956D46DE8}") = "Tests", "Tests", "{97170CF9-F7A9-49AF-833B-CB1AD52DFD0E}"
EndProject
Project("{9A19103F-16F7-4668-BE54-9A1E7A4F7556}") = "TokenApi.Tests", "TokenApi.Tests\TokenApi.Tests.csproj", "{6772CEA8-0E34-48F9-B398-480AA7124671}"
EndProject
Project("{9A19103F-16F7-4668-BE54-9A1E7A4F7556}") = "RegisterApi.Tests", "RegisterApi.Tests\RegisterApi.Tests.csproj", "{1355ADD4-5369-4864-94F4-206E3D91DB74}"
EndProject
Project("{9A19103F-16F7-4668-BE54-9A1E7A4F7556}") = "AuthApi.Tests", "AuthApi.Tests\AuthApi.Tests.csproj", "{7B09F312-7F25-4F1D-BA7A-763F919B15E2}"
EndProject
Project("{2150E333-8FDC-42A3-9474-1A3956D46DE8}") = "Solution Items", "Solution Items", "{E8BEBDF4-F85D-4462-964E-F303EA62E673}"
	ProjectSection(SolutionItems) = preProject
		README.md = README.md
	EndProjectSection
EndProject
Global
	GlobalSection(SolutionConfigurationPlatforms) = preSolution
		Debug|Any CPU = Debug|Any CPU
		Release|Any CPU = Release|Any CPU
	EndGlobalSection
	GlobalSection(ProjectConfigurationPlatforms) = postSolution
		{CF2FF7E5-AD4E-4F66-80E9-11C546900548}.Debug|Any CPU.ActiveCfg = Debug|Any CPU
		{CF2FF7E5-AD4E-4F66-80E9-11C546900548}.Debug|Any CPU.Build.0 = Debug|Any CPU
		{CF2FF7E5-AD4E-4F66-80E9-11C546900548}.Release|Any CPU.ActiveCfg = Release|Any CPU
		{CF2FF7E5-AD4E-4F66-80E9-11C546900548}.Release|Any CPU.Build.0 = Release|Any CPU
		{793EA360-010D-48D1-ACF0-60F68EA43E50}.Debug|Any CPU.ActiveCfg = Debug|Any CPU
		{793EA360-010D-48D1-ACF0-60F68EA43E50}.Debug|Any CPU.Build.0 = Debug|Any CPU
		{793EA360-010D-48D1-ACF0-60F68EA43E50}.Release|Any CPU.ActiveCfg = Release|Any CPU
		{793EA360-010D-48D1-ACF0-60F68EA43E50}.Release|Any CPU.Build.0 = Release|Any CPU
		{F2939D46-9AEA-4BE0-9754-BC72F81A6390}.Debug|Any CPU.ActiveCfg = Debug|Any CPU
		{F2939D46-9AEA-4BE0-9754-BC72F81A6390}.Debug|Any CPU.Build.0 = Debug|Any CPU
		{F2939D46-9AEA-4BE0-9754-BC72F81A6390}.Release|Any CPU.ActiveCfg = Release|Any CPU
		{F2939D46-9AEA-4BE0-9754-BC72F81A6390}.Release|Any CPU.Build.0 = Release|Any CPU
		{D7B85016-4648-410C-932D-049E2762A3D1}.Debug|Any CPU.ActiveCfg = Debug|Any CPU
		{D7B85016-4648-410C-932D-049E2762A3D1}.Debug|Any CPU.Build.0 = Debug|Any CPU
		{D7B85016-4648-410C-932D-049E2762A3D1}.Release|Any CPU.ActiveCfg = Release|Any CPU
		{D7B85016-4648-410C-932D-049E2762A3D1}.Release|Any CPU.Build.0 = Release|Any CPU
		{555631E5-A99D-457D-8B19-FD4EBC7DF0B2}.Debug|Any CPU.ActiveCfg = Debug|Any CPU
		{555631E5-A99D-457D-8B19-FD4EBC7DF0B2}.Debug|Any CPU.Build.0 = Debug|Any CPU
		{555631E5-A99D-457D-8B19-FD4EBC7DF0B2}.Release|Any CPU.ActiveCfg = Release|Any CPU
		{555631E5-A99D-457D-8B19-FD4EBC7DF0B2}.Release|Any CPU.Build.0 = Release|Any CPU
		{05F0FF61-54EF-4F77-BD33-0B92DC21165F}.Debug|Any CPU.ActiveCfg = Debug|Any CPU
		{05F0FF61-54EF-4F77-BD33-0B92DC21165F}.Debug|Any CPU.Build.0 = Debug|Any CPU
		{05F0FF61-54EF-4F77-BD33-0B92DC21165F}.Release|Any CPU.ActiveCfg = Release|Any CPU
		{05F0FF61-54EF-4F77-BD33-0B92DC21165F}.Release|Any CPU.Build.0 = Release|Any CPU
		{9EB89C1F-9CD8-4FF9-9185-F3408F978310}.Debug|Any CPU.ActiveCfg = Debug|Any CPU
		{9EB89C1F-9CD8-4FF9-9185-F3408F978310}.Debug|Any CPU.Build.0 = Debug|Any CPU
		{9EB89C1F-9CD8-4FF9-9185-F3408F978310}.Release|Any CPU.ActiveCfg = Release|Any CPU
		{9EB89C1F-9CD8-4FF9-9185-F3408F978310}.Release|Any CPU.Build.0 = Release|Any CPU
		{416A2CA1-4394-4735-9C99-C19768E644F1}.Debug|Any CPU.ActiveCfg = Debug|Any CPU
		{416A2CA1-4394-4735-9C99-C19768E644F1}.Debug|Any CPU.Build.0 = Debug|Any CPU
		{416A2CA1-4394-4735-9C99-C19768E644F1}.Release|Any CPU.ActiveCfg = Release|Any CPU
		{416A2CA1-4394-4735-9C99-C19768E644F1}.Release|Any CPU.Build.0 = Release|Any CPU
		{6772CEA8-0E34-48F9-B398-480AA7124671}.Debug|Any CPU.ActiveCfg = Debug|Any CPU
		{6772CEA8-0E34-48F9-B398-480AA7124671}.Debug|Any CPU.Build.0 = Debug|Any CPU
		{6772CEA8-0E34-48F9-B398-480AA7124671}.Release|Any CPU.ActiveCfg = Release|Any CPU
		{6772CEA8-0E34-48F9-B398-480AA7124671}.Release|Any CPU.Build.0 = Release|Any CPU
		{1355ADD4-5369-4864-94F4-206E3D91DB74}.Debug|Any CPU.ActiveCfg = Debug|Any CPU
		{1355ADD4-5369-4864-94F4-206E3D91DB74}.Debug|Any CPU.Build.0 = Debug|Any CPU
		{1355ADD4-5369-4864-94F4-206E3D91DB74}.Release|Any CPU.ActiveCfg = Release|Any CPU
		{1355ADD4-5369-4864-94F4-206E3D91DB74}.Release|Any CPU.Build.0 = Release|Any CPU
		{7B09F312-7F25-4F1D-BA7A-763F919B15E2}.Debug|Any CPU.ActiveCfg = Debug|Any CPU
		{7B09F312-7F25-4F1D-BA7A-763F919B15E2}.Debug|Any CPU.Build.0 = Debug|Any CPU
		{7B09F312-7F25-4F1D-BA7A-763F919B15E2}.Release|Any CPU.ActiveCfg = Release|Any CPU
		{7B09F312-7F25-4F1D-BA7A-763F919B15E2}.Release|Any CPU.Build.0 = Release|Any CPU
	EndGlobalSection
	GlobalSection(SolutionProperties) = preSolution
		HideSolutionNode = FALSE
	EndGlobalSection
	GlobalSection(NestedProjects) = preSolution
		{CF2FF7E5-AD4E-4F66-80E9-11C546900548} = {CB5A3A18-356C-4F59-B99D-8E90C7B4643A}
		{793EA360-010D-48D1-ACF0-60F68EA43E50} = {8D0B3AD7-E248-4F31-8874-AA7EF22DFA17}
		{F2939D46-9AEA-4BE0-9754-BC72F81A6390} = {CB5A3A18-356C-4F59-B99D-8E90C7B4643A}
		{D7B85016-4648-410C-932D-049E2762A3D1} = {2C8CE3C0-1962-4BEF-A965-4EBFA4334C9E}
		{555631E5-A99D-457D-8B19-FD4EBC7DF0B2} = {C6FC811B-76B8-4E8E-8672-AE2CBBF30455}
		{05F0FF61-54EF-4F77-BD33-0B92DC21165F} = {C6FC811B-76B8-4E8E-8672-AE2CBBF30455}
		{9EB89C1F-9CD8-4FF9-9185-F3408F978310} = {C16A0172-DD34-4EE0-B2E7-D73BFF2FB091}
		{416A2CA1-4394-4735-9C99-C19768E644F1} = {CB5A3A18-356C-4F59-B99D-8E90C7B4643A}
		{6772CEA8-0E34-48F9-B398-480AA7124671} = {97170CF9-F7A9-49AF-833B-CB1AD52DFD0E}
		{1355ADD4-5369-4864-94F4-206E3D91DB74} = {97170CF9-F7A9-49AF-833B-CB1AD52DFD0E}
		{7B09F312-7F25-4F1D-BA7A-763F919B15E2} = {97170CF9-F7A9-49AF-833B-CB1AD52DFD0E}
	EndGlobalSection
	GlobalSection(ExtensibilityGlobals) = postSolution
		SolutionGuid = {6A387A35-0BD9-4B14-BCAA-80015F11AF14}
	EndGlobalSection
EndGlobal
